
Microsoft Visual Studio Solution File, Format Version 11.00
# Visual Studio 2010
Project("{FAE04EC0-301F-11D3-BF4B-00C04F79EFBC}") = "TextJuicer", "TextJuicer.csproj", "{0db43e19-7fd2-57ed-1b7c-e74499cfbb63}"
EndProject
Project("{FAE04EC0-301F-11D3-BF4B-00C04F79EFBC}") = "Assembly-CSharp-firstpass", "Assembly-CSharp-firstpass.csproj", "{bc199bfd-43ae-461d-a9d6-2bd2fe8a438b}"
EndProject
Project("{FAE04EC0-301F-11D3-BF4B-00C04F79EFBC}") = "TextJuicer-Editor", "TextJuicer-Editor.csproj", "{5f12d4c9-4584-3143-5b13-dd8393790d96}"
EndProject
Project("{FAE04EC0-301F-11D3-BF4B-00C04F79EFBC}") = "Assembly-CSharp", "Assembly-CSharp.csproj", "{74dacf86-983f-e1e6-3132-9927ff8990c7}"
EndProject
Global
	GlobalSection(SolutionConfigurationPlatforms) = preSolution
		Debug|Any CPU = Debug|Any CPU
	EndGlobalSection
	GlobalSection(ProjectConfigurationPlatforms) = postSolution
		{0db43e19-7fd2-57ed-1b7c-e74499cfbb63}.Debug|Any CPU.ActiveCfg = Debug|Any CPU
		{0db43e19-7fd2-57ed-1b7c-e74499cfbb63}.Debug|Any CPU.Build.0 = Debug|Any CPU
		{bc199bfd-43ae-461d-a9d6-2bd2fe8a438b}.Debug|Any CPU.ActiveCfg = Debug|Any CPU
		{bc199bfd-43ae-461d-a9d6-2bd2fe8a438b}.Debug|Any CPU.Build.0 = Debug|Any CPU
		{5f12d4c9-4584-3143-5b13-dd8393790d96}.Debug|Any CPU.ActiveCfg = Debug|Any CPU
		{5f12d4c9-4584-3143-5b13-dd8393790d96}.Debug|Any CPU.Build.0 = Debug|Any CPU
		{74dacf86-983f-e1e6-3132-9927ff8990c7}.Debug|Any CPU.ActiveCfg = Debug|Any CPU
		{74dacf86-983f-e1e6-3132-9927ff8990c7}.Debug|Any CPU.Build.0 = Debug|Any CPU
	EndGlobalSection
	GlobalSection(SolutionProperties) = preSolution
		HideSolutionNode = FALSE
	EndGlobalSection
EndGlobal
